
Microsoft Visual Studio Solution File, Format Version 12.00
# Visual Studio Version 16
VisualStudioVersion = 25.0.1706.7
MinimumVisualStudioVersion = 10.0.40219.1
Project("{FAE04EC0-301F-11D3-BF4B-00C04F79EFBC}") = "Existence", "Bubbles\Existence.csproj", "{72724DD7-2AD5-4725-95AB-F55FA9A87055}"
EndProject
Project("{FAE04EC0-301F-11D3-BF4B-00C04F79EFBC}") = "ExistenceTests", "BubblesTests\ExistenceTests.csproj", "{C482C1B1-7580-419A-9CF9-3799FF84536D}"
EndProject
Global
	GlobalSection(SolutionConfigurationPlatforms) = preSolution
		Debug|Any CPU = Debug|Any CPU
		Release|Any CPU = Release|Any CPU
	EndGlobalSection
	GlobalSection(ProjectConfigurationPlatforms) = postSolution
		{72724DD7-2AD5-4725-95AB-F55FA9A87055}.Debug|Any CPU.ActiveCfg = Debug|Any CPU
		{72724DD7-2AD5-4725-95AB-F55FA9A87055}.Debug|Any CPU.Build.0 = Debug|Any CPU
		{72724DD7-2AD5-4725-95AB-F55FA9A87055}.Release|Any CPU.ActiveCfg = Release|Any CPU
		{72724DD7-2AD5-4725-95AB-F55FA9A87055}.Release|Any CPU.Build.0 = Release|Any CPU
		{C482C1B1-7580-419A-9CF9-3799FF84536D}.Debug|Any CPU.ActiveCfg = Debug|Any CPU
		{C482C1B1-7580-419A-9CF9-3799FF84536D}.Debug|Any CPU.Build.0 = Debug|Any CPU
		{C482C1B1-7580-419A-9CF9-3799FF84536D}.Release|Any CPU.ActiveCfg = Release|Any CPU
		{C482C1B1-7580-419A-9CF9-3799FF84536D}.Release|Any CPU.Build.0 = Release|Any CPU
	EndGlobalSection
	GlobalSection(SolutionProperties) = preSolution
		HideSolutionNode = FALSE
	EndGlobalSection
	GlobalSection(ExtensibilityGlobals) = postSolution
		SolutionGuid = {A23C70A9-01CA-43E8-9CC9-B50ED7A5A625}
	EndGlobalSection
EndGlobal
